
Microsoft Visual Studio Solution File, Format Version 12.00
# Visual Studio Version 17
VisualStudioVersion = 17.0.31903.59
MinimumVisualStudioVersion = 10.0.40219.1
Project("{FAE04EC0-301F-11D3-BF4B-00C04F79EFBC}") = "SalesDP.API", "SalesDP.API\SalesDP.API.csproj", "{3DEA80E9-C49C-4B9E-B477-6B203F9A7B35}"
EndProject
Project("{FAE04EC0-301F-11D3-BF4B-00C04F79EFBC}") = "SalesDP.ProvisionalData", "SalesDP.ProvisionalData\SalesDP.ProvisionalData.csproj", "{E10F0A9E-F110-42E8-B204-19B28011929D}"
EndProject
Project("{FAE04EC0-301F-11D3-BF4B-00C04F79EFBC}") = "SalesDP.Data", "SalesDP.Data\SalesDP.Data.csproj", "{7243522C-A372-40F5-9D91-584C2689B1C1}"
EndProject
Project("{FAE04EC0-301F-11D3-BF4B-00C04F79EFBC}") = "SalesDP.Services", "SalesDP.Services\SalesDP.Services.csproj", "{F701E500-0159-446A-8A24-F996675CB4BF}"
EndProject
Global
	GlobalSection(SolutionConfigurationPlatforms) = preSolution
		Debug|Any CPU = Debug|Any CPU
		Release|Any CPU = Release|Any CPU
	EndGlobalSection
	GlobalSection(ProjectConfigurationPlatforms) = postSolution
		{3DEA80E9-C49C-4B9E-B477-6B203F9A7B35}.Debug|Any CPU.ActiveCfg = Debug|Any CPU
		{3DEA80E9-C49C-4B9E-B477-6B203F9A7B35}.Debug|Any CPU.Build.0 = Debug|Any CPU
		{3DEA80E9-C49C-4B9E-B477-6B203F9A7B35}.Release|Any CPU.ActiveCfg = Release|Any CPU
		{3DEA80E9-C49C-4B9E-B477-6B203F9A7B35}.Release|Any CPU.Build.0 = Release|Any CPU
		{E10F0A9E-F110-42E8-B204-19B28011929D}.Debug|Any CPU.ActiveCfg = Debug|Any CPU
		{E10F0A9E-F110-42E8-B204-19B28011929D}.Debug|Any CPU.Build.0 = Debug|Any CPU
		{E10F0A9E-F110-42E8-B204-19B28011929D}.Release|Any CPU.ActiveCfg = Release|Any CPU
		{E10F0A9E-F110-42E8-B204-19B28011929D}.Release|Any CPU.Build.0 = Release|Any CPU
		{7243522C-A372-40F5-9D91-584C2689B1C1}.Debug|Any CPU.ActiveCfg = Debug|Any CPU
		{7243522C-A372-40F5-9D91-584C2689B1C1}.Debug|Any CPU.Build.0 = Debug|Any CPU
		{7243522C-A372-40F5-9D91-584C2689B1C1}.Release|Any CPU.ActiveCfg = Release|Any CPU
		{7243522C-A372-40F5-9D91-584C2689B1C1}.Release|Any CPU.Build.0 = Release|Any CPU
		{F701E500-0159-446A-8A24-F996675CB4BF}.Debug|Any CPU.ActiveCfg = Debug|Any CPU
		{F701E500-0159-446A-8A24-F996675CB4BF}.Debug|Any CPU.Build.0 = Debug|Any CPU
		{F701E500-0159-446A-8A24-F996675CB4BF}.Release|Any CPU.ActiveCfg = Release|Any CPU
		{F701E500-0159-446A-8A24-F996675CB4BF}.Release|Any CPU.Build.0 = Release|Any CPU
	EndGlobalSection
	GlobalSection(SolutionProperties) = preSolution
		HideSolutionNode = FALSE
	EndGlobalSection
EndGlobal
